// !$*UTF8*$!
{
	archiveVersion = 1;
	classes = {
	};
	objectVersion = 55;
	objects = {

/* Begin PBXBuildFile section */
		955AAE98272C836D00F02221 /* ExposureCalculatorViewModel.swift in Sources */ = {isa = PBXBuildFile; fileRef = 955AAE97272C836C00F02221 /* ExposureCalculatorViewModel.swift */; };
		9581F7BF2727751600E70417 /* AppDelegate.swift in Sources */ = {isa = PBXBuildFile; fileRef = 9581F7BE2727751600E70417 /* AppDelegate.swift */; };
		9581F7C12727751600E70417 /* SceneDelegate.swift in Sources */ = {isa = PBXBuildFile; fileRef = 9581F7C02727751600E70417 /* SceneDelegate.swift */; };
		9581F7C32727751600E70417 /* ViewController.swift in Sources */ = {isa = PBXBuildFile; fileRef = 9581F7C22727751600E70417 /* ViewController.swift */; };
		9581F7C62727751600E70417 /* Main.storyboard in Resources */ = {isa = PBXBuildFile; fileRef = 9581F7C42727751600E70417 /* Main.storyboard */; };
		9581F7C82727751900E70417 /* Assets.xcassets in Resources */ = {isa = PBXBuildFile; fileRef = 9581F7C72727751900E70417 /* Assets.xcassets */; };
		9581F7CB2727751900E70417 /* LaunchScreen.storyboard in Resources */ = {isa = PBXBuildFile; fileRef = 9581F7C92727751900E70417 /* LaunchScreen.storyboard */; };
		9581F7D3272783BD00E70417 /* TimeView.swift in Sources */ = {isa = PBXBuildFile; fileRef = 9581F7D2272783BD00E70417 /* TimeView.swift */; };
		9581F7D52729F6F600E70417 /* ExposureTimes.swift in Sources */ = {isa = PBXBuildFile; fileRef = 9581F7D42729F6F600E70417 /* ExposureTimes.swift */; };
		9581F7D7272A069700E70417 /* ExposureCalculator.swift in Sources */ = {isa = PBXBuildFile; fileRef = 9581F7D6272A069600E70417 /* ExposureCalculator.swift */; };
/* End PBXBuildFile section */

/* Begin PBXFileReference section */
		955AAE97272C836C00F02221 /* ExposureCalculatorViewModel.swift */ = {isa = PBXFileReference; lastKnownFileType = sourcecode.swift; path = ExposureCalculatorViewModel.swift; sourceTree = "<group>"; };
		9581F7BB2727751600E70417 /* fStopTimer.app */ = {isa = PBXFileReference; explicitFileType = wrapper.application; includeInIndex = 0; path = fStopTimer.app; sourceTree = BUILT_PRODUCTS_DIR; };
		9581F7BE2727751600E70417 /* AppDelegate.swift */ = {isa = PBXFileReference; lastKnownFileType = sourcecode.swift; path = AppDelegate.swift; sourceTree = "<group>"; };
		9581F7C02727751600E70417 /* SceneDelegate.swift */ = {isa = PBXFileReference; lastKnownFileType = sourcecode.swift; path = SceneDelegate.swift; sourceTree = "<group>"; };
		9581F7C22727751600E70417 /* ViewController.swift */ = {isa = PBXFileReference; lastKnownFileType = sourcecode.swift; path = ViewController.swift; sourceTree = "<group>"; };
		9581F7C52727751600E70417 /* Base */ = {isa = PBXFileReference; lastKnownFileType = file.storyboard; name = Base; path = Base.lproj/Main.storyboard; sourceTree = "<group>"; };
		9581F7C72727751900E70417 /* Assets.xcassets */ = {isa = PBXFileReference; lastKnownFileType = folder.assetcatalog; path = Assets.xcassets; sourceTree = "<group>"; };
		9581F7CA2727751900E70417 /* Base */ = {isa = PBXFileReference; lastKnownFileType = file.storyboard; name = Base; path = Base.lproj/LaunchScreen.storyboard; sourceTree = "<group>"; };
		9581F7CC2727751900E70417 /* Info.plist */ = {isa = PBXFileReference; lastKnownFileType = text.plist.xml; path = Info.plist; sourceTree = "<group>"; };
		9581F7D2272783BD00E70417 /* TimeView.swift */ = {isa = PBXFileReference; lastKnownFileType = sourcecode.swift; path = TimeView.swift; sourceTree = "<group>"; };
		9581F7D42729F6F600E70417 /* ExposureTimes.swift */ = {isa = PBXFileReference; lastKnownFileType = sourcecode.swift; path = ExposureTimes.swift; sourceTree = "<group>"; };
		9581F7D6272A069600E70417 /* ExposureCalculator.swift */ = {isa = PBXFileReference; lastKnownFileType = sourcecode.swift; path = ExposureCalculator.swift; sourceTree = "<group>"; };
		95F5FDB327BD963600E2FE2A /* README.md */ = {isa = PBXFileReference; lastKnownFileType = net.daringfireball.markdown; path = README.md; sourceTree = "<group>"; };
/* End PBXFileReference section */

/* Begin PBXFrameworksBuildPhase section */
		9581F7B82727751600E70417 /* Frameworks */ = {
			isa = PBXFrameworksBuildPhase;
			buildActionMask = 2147483647;
			files = (
			);
			runOnlyForDeploymentPostprocessing = 0;
		};
/* End PBXFrameworksBuildPhase section */

/* Begin PBXGroup section */
		9581F7B22727751600E70417 = {
			isa = PBXGroup;
			children = (
				95F5FDB327BD963600E2FE2A /* README.md */,
				9581F7BD2727751600E70417 /* fStopTimer */,
				9581F7BC2727751600E70417 /* Products */,
			);
			sourceTree = "<group>";
		};
		9581F7BC2727751600E70417 /* Products */ = {
			isa = PBXGroup;
			children = (
				9581F7BB2727751600E70417 /* fStopTimer.app */,
			);
			name = Products;
			sourceTree = "<group>";
		};
		9581F7BD2727751600E70417 /* fStopTimer */ = {
			isa = PBXGroup;
			children = (
				9581F7BE2727751600E70417 /* AppDelegate.swift */,
				9581F7D2272783BD00E70417 /* TimeView.swift */,
				9581F7D42729F6F600E70417 /* ExposureTimes.swift */,
				9581F7D6272A069600E70417 /* ExposureCalculator.swift */,
				955AAE97272C836C00F02221 /* ExposureCalculatorViewModel.swift */,
				9581F7C02727751600E70417 /* SceneDelegate.swift */,
				9581F7C22727751600E70417 /* ViewController.swift */,
				9581F7C42727751600E70417 /* Main.storyboard */,
				9581F7C72727751900E70417 /* Assets.xcassets */,
				9581F7C92727751900E70417 /* LaunchScreen.storyboard */,
				9581F7CC2727751900E70417 /* Info.plist */,
			);
			path = fStopTimer;
			sourceTree = "<group>";
		};
/* End PBXGroup section */

/* Begin PBXNativeTarget section */
		9581F7BA2727751600E70417 /* fStopTimer */ = {
			isa = PBXNativeTarget;
			buildConfigurationList = 9581F7CF2727751900E70417 /* Build configuration list for PBXNativeTarget "fStopTimer" */;
			buildPhases = (
				9581F7B72727751600E70417 /* Sources */,
				9581F7B82727751600E70417 /* Frameworks */,
				9581F7B92727751600E70417 /* Resources */,
			);
			buildRules = (
			);
			dependencies = (
			);
			name = fStopTimer;
			productName = fStopTimer;
			productReference = 9581F7BB2727751600E70417 /* fStopTimer.app */;
			productType = "com.apple.product-type.application";
		};
/* End PBXNativeTarget section */

/* Begin PBXProject section */
		9581F7B32727751600E70417 /* Project object */ = {
			isa = PBXProject;
			attributes = {
				BuildIndependentTargetsInParallel = 1;
				LastSwiftUpdateCheck = 1300;
				LastUpgradeCheck = 1300;
				TargetAttributes = {
					9581F7BA2727751600E70417 = {
						CreatedOnToolsVersion = 13.0;
					};
				};
			};
			buildConfigurationList = 9581F7B62727751600E70417 /* Build configuration list for PBXProject "fStopTimer" */;
			compatibilityVersion = "Xcode 13.0";
			developmentRegion = en;
			hasScannedForEncodings = 0;
			knownRegions = (
				en,
				Base,
			);
			mainGroup = 9581F7B22727751600E70417;
			productRefGroup = 9581F7BC2727751600E70417 /* Products */;
			projectDirPath = "";
			projectRoot = "";
			targets = (
				9581F7BA2727751600E70417 /* fStopTimer */,
			);
		};
/* End PBXProject section */

/* Begin PBXResourcesBuildPhase section */
		9581F7B92727751600E70417 /* Resources */ = {
			isa = PBXResourcesBuildPhase;
			buildActionMask = 2147483647;
			files = (
				9581F7CB2727751900E70417 /* LaunchScreen.storyboard in Resources */,
				9581F7C82727751900E70417 /* Assets.xcassets in Resources */,
				9581F7C62727751600E70417 /* Main.storyboard in Resources */,
			);
			runOnlyForDeploymentPostprocessing = 0;
		};
/* End PBXResourcesBuildPhase section */

/* Begin PBXSourcesBuildPhase section */
		9581F7B72727751600E70417 /* Sources */ = {
			isa = PBXSourcesBuildPhase;
			buildActionMask = 2147483647;
			files = (
				9581F7D52729F6F600E70417 /* ExposureTimes.swift in Sources */,
				9581F7C32727751600E70417 /* ViewController.swift in Sources */,
				9581F7D7272A069700E70417 /* ExposureCalculator.swift in Sources */,
				9581F7BF2727751600E70417 /* AppDelegate.swift in Sources */,
				9581F7C12727751600E70417 /* SceneDelegate.swift in Sources */,
				955AAE98272C836D00F02221 /* ExposureCalculatorViewModel.swift in Sources */,
				9581F7D3272783BD00E70417 /* TimeView.swift in Sources */,
			);
			runOnlyForDeploymentPostprocessing = 0;
		};
/* End PBXSourcesBuildPhase section */

/* Begin PBXVariantGroup section */
		9581F7C42727751600E70417 /* Main.storyboard */ = {
			isa = PBXVariantGroup;
			children = (
				9581F7C52727751600E70417 /* Base */,
			);
			name = Main.storyboard;
			sourceTree = "<group>";
		};
		9581F7C92727751900E70417 /* LaunchScreen.storyboard */ = {
			isa = PBXVariantGroup;
			children = (
				9581F7CA2727751900E70417 /* Base */,
			);
			name = LaunchScreen.storyboard;
			sourceTree = "<group>";
		};
/* End PBXVariantGroup section */

/* Begin XCBuildConfiguration section */
		9581F7CD2727751900E70417 /* Debug */ = {
			isa = XCBuildConfiguration;
			buildSettings = {
				ALWAYS_SEARCH_USER_PATHS = NO;
				CLANG_ANALYZER_NONNULL = YES;
				CLANG_ANALYZER_NUMBER_OBJECT_CONVERSION = YES_AGGRESSIVE;
				CLANG_CXX_LANGUAGE_STANDARD = "gnu++17";
				CLANG_CXX_LIBRARY = "libc++";
				CLANG_ENABLE_MODULES = YES;
				CLANG_ENABLE_OBJC_ARC = YES;
				CLANG_ENABLE_OBJC_WEAK = YES;
				CLANG_WARN_BLOCK_CAPTURE_AUTORELEASING = YES;
				CLANG_WARN_BOOL_CONVERSION = YES;
				CLANG_WARN_COMMA = YES;
				CLANG_WARN_CONSTANT_CONVERSION = YES;
				CLANG_WARN_DEPRECATED_OBJC_IMPLEMENTATIONS = YES;
				CLANG_WARN_DIRECT_OBJC_ISA_USAGE = YES_ERROR;
				CLANG_WARN_DOCUMENTATION_COMMENTS = YES;
				CLANG_WARN_EMPTY_BODY = YES;
				CLANG_WARN_ENUM_CONVERSION = YES;
				CLANG_WARN_INFINITE_RECURSION = YES;
				CLANG_WARN_INT_CONVERSION = YES;
				CLANG_WARN_NON_LITERAL_NULL_CONVERSION = YES;
				CLANG_WARN_OBJC_IMPLICIT_RETAIN_SELF = YES;
				CLANG_WARN_OBJC_LITERAL_CONVERSION = YES;
				CLANG_WARN_OBJC_ROOT_CLASS = YES_ERROR;
				CLANG_WARN_QUOTED_INCLUDE_IN_FRAMEWORK_HEADER = YES;
				CLANG_WARN_RANGE_LOOP_ANALYSIS = YES;
				CLANG_WARN_STRICT_PROTOTYPES = YES;
				CLANG_WARN_SUSPICIOUS_MOVE = YES;
				CLANG_WARN_UNGUARDED_AVAILABILITY = YES_AGGRESSIVE;
				CLANG_WARN_UNREACHABLE_CODE = YES;
				CLANG_WARN__DUPLICATE_METHOD_MATCH = YES;
				COPY_PHASE_STRIP = NO;
				DEBUG_INFORMATION_FORMAT = dwarf;
				ENABLE_STRICT_OBJC_MSGSEND = YES;
				ENABLE_TESTABILITY = YES;
				GCC_C_LANGUAGE_STANDARD = gnu11;
				GCC_DYNAMIC_NO_PIC = NO;
				GCC_NO_COMMON_BLOCKS = YES;
				GCC_OPTIMIZATION_LEVEL = 0;
				GCC_PREPROCESSOR_DEFINITIONS = (
					"DEBUG=1",
					"$(inherited)",
				);
				GCC_WARN_64_TO_32_BIT_CONVERSION = YES;
				GCC_WARN_ABOUT_RETURN_TYPE = YES_ERROR;
				GCC_WARN_UNDECLARED_SELECTOR = YES;
				GCC_WARN_UNINITIALIZED_AUTOS = YES_AGGRESSIVE;
				GCC_WARN_UNUSED_FUNCTION = YES;
				GCC_WARN_UNUSED_VARIABLE = YES;
				IPHONEOS_DEPLOYMENT_TARGET = 15.0;
				MTL_ENABLE_DEBUG_INFO = INCLUDE_SOURCE;
				MTL_FAST_MATH = YES;
				ONLY_ACTIVE_ARCH = YES;
				SDKROOT = iphoneos;
				SWIFT_ACTIVE_COMPILATION_CONDITIONS = DEBUG;
				SWIFT_OPTIMIZATION_LEVEL = "-Onone";
			};
			name = Debug;
		};
		9581F7CE2727751900E70417 /* Release */ = {
			isa = XCBuildConfiguration;
			buildSettings = {
				ALWAYS_SEARCH_USER_PATHS = NO;
				CLANG_ANALYZER_NONNULL = YES;
				CLANG_ANALYZER_NUMBER_OBJECT_CONVERSION = YES_AGGRESSIVE;
				CLANG_CXX_LANGUAGE_STANDARD = "gnu++17";
				CLANG_CXX_LIBRARY = "libc++";
				CLANG_ENABLE_MODULES = YES;
				CLANG_ENABLE_OBJC_ARC = YES;
				CLANG_ENABLE_OBJC_WEAK = YES;
				CLANG_WARN_BLOCK_CAPTURE_AUTORELEASING = YES;
				CLANG_WARN_BOOL_CONVERSION = YES;
				CLANG_WARN_COMMA = YES;
				CLANG_WARN_CONSTANT_CONVERSION = YES;
				CLANG_WARN_DEPRECATED_OBJC_IMPLEMENTATIONS = YES;
				CLANG_WARN_DIRECT_OBJC_ISA_USAGE = YES_ERROR;
				CLANG_WARN_DOCUMENTATION_COMMENTS = YES;
				CLANG_WARN_EMPTY_BODY = YES;
				CLANG_WARN_ENUM_CONVERSION = YES;
				CLANG_WARN_INFINITE_RECURSION = YES;
				CLANG_WARN_INT_CONVERSION = YES;
				CLANG_WARN_NON_LITERAL_NULL_CONVERSION = YES;
				CLANG_WARN_OBJC_IMPLICIT_RETAIN_SELF = YES;
				CLANG_WARN_OBJC_LITERAL_CONVERSION = YES;
				CLANG_WARN_OBJC_ROOT_CLASS = YES_ERROR;
				CLANG_WARN_QUOTED_INCLUDE_IN_FRAMEWORK_HEADER = YES;
				CLANG_WARN_RANGE_LOOP_ANALYSIS = YES;
				CLANG_WARN_STRICT_PROTOTYPES = YES;
				CLANG_WARN_SUSPICIOUS_MOVE = YES;
				CLANG_WARN_UNGUARDED_AVAILABILITY = YES_AGGRESSIVE;
				CLANG_WARN_UNREACHABLE_CODE = YES;
				CLANG_WARN__DUPLICATE_METHOD_MATCH = YES;
				COPY_PHASE_STRIP = NO;
				DEBUG_INFORMATION_FORMAT = "dwarf-with-dsym";
				ENABLE_NS_ASSERTIONS = NO;
				ENABLE_STRICT_OBJC_MSGSEND = YES;
				GCC_C_LANGUAGE_STANDARD = gnu11;
				GCC_NO_COMMON_BLOCKS = YES;
				GCC_WARN_64_TO_32_BIT_CONVERSION = YES;
				GCC_WARN_ABOUT_RETURN_TYPE = YES_ERROR;
				GCC_WARN_UNDECLARED_SELECTOR = YES;
				GCC_WARN_UNINITIALIZED_AUTOS = YES_AGGRESSIVE;
				GCC_WARN_UNUSED_FUNCTION = YES;
				GCC_WARN_UNUSED_VARIABLE = YES;
				IPHONEOS_DEPLOYMENT_TARGET = 15.0;
				MTL_ENABLE_DEBUG_INFO = NO;
				MTL_FAST_MATH = YES;
				SDKROOT = iphoneos;
				SWIFT_COMPILATION_MODE = wholemodule;
				SWIFT_OPTIMIZATION_LEVEL = "-O";
				VALIDATE_PRODUCT = YES;
			};
			name = Release;
		};
		9581F7D02727751900E70417 /* Debug */ = {
			isa = XCBuildConfiguration;
			buildSettings = {
				ASSETCATALOG_COMPILER_APPICON_NAME = AppIcon;
				ASSETCATALOG_COMPILER_GLOBAL_ACCENT_COLOR_NAME = AccentColor;
				CODE_SIGN_STYLE = Automatic;
				CURRENT_PROJECT_VERSION = 1;
				DEVELOPMENT_TEAM = 58484NJC8C;
				GENERATE_INFOPLIST_FILE = YES;
				INFOPLIST_FILE = fStopTimer/Info.plist;
				INFOPLIST_KEY_UIApplicationSupportsIndirectInputEvents = YES;
				INFOPLIST_KEY_UILaunchStoryboardName = LaunchScreen;
				INFOPLIST_KEY_UIMainStoryboardFile = Main;
				INFOPLIST_KEY_UISupportedInterfaceOrientations_iPad = "UIInterfaceOrientationPortrait UIInterfaceOrientationPortraitUpsideDown UIInterfaceOrientationLandscapeLeft UIInterfaceOrientationLandscapeRight";
				INFOPLIST_KEY_UISupportedInterfaceOrientations_iPhone = "UIInterfaceOrientationPortrait UIInterfaceOrientationLandscapeLeft UIInterfaceOrientationLandscapeRight";
				LD_RUNPATH_SEARCH_PATHS = (
					"$(inherited)",
					"@executable_path/Frameworks",
				);
				MARKETING_VERSION = 1.0;
				PRODUCT_BUNDLE_IDENTIFIER = com.SpringerSoftware.fStopTimer;
				PRODUCT_NAME = "$(TARGET_NAME)";
				SWIFT_EMIT_LOC_STRINGS = YES;
				SWIFT_VERSION = 5.0;
				TARGETED_DEVICE_FAMILY = "1,2";
			};
			name = Debug;
		};
		9581F7D12727751900E70417 /* Release */ = {
			isa = XCBuildConfiguration;
			buildSettings = {
				ASSETCATALOG_COMPILER_APPICON_NAME = AppIcon;
				ASSETCATALOG_COMPILER_GLOBAL_ACCENT_COLOR_NAME = AccentColor;
				CODE_SIGN_STYLE = Automatic;
				CURRENT_PROJECT_VERSION = 1;
				DEVELOPMENT_TEAM = 58484NJC8C;
				GENERATE_INFOPLIST_FILE = YES;
				INFOPLIST_FILE = fStopTimer/Info.plist;
				INFOPLIST_KEY_UIApplicationSupportsIndirectInputEvents = YES;
				INFOPLIST_KEY_UILaunchStoryboardName = LaunchScreen;
				INFOPLIST_KEY_UIMainStoryboardFile = Main;
				INFOPLIST_KEY_UISupportedInterfaceOrientations_iPad = "UIInterfaceOrientationPortrait UIInterfaceOrientationPortraitUpsideDown UIInterfaceOrientationLandscapeLeft UIInterfaceOrientationLandscapeRight";
				INFOPLIST_KEY_UISupportedInterfaceOrientations_iPhone = "UIInterfaceOrientationPortrait UIInterfaceOrientationLandscapeLeft UIInterfaceOrientationLandscapeRight";
				LD_RUNPATH_SEARCH_PATHS = (
					"$(inherited)",
					"@executable_path/Frameworks",
				);
				MARKETING_VERSION = 1.0;
				PRODUCT_BUNDLE_IDENTIFIER = com.SpringerSoftware.fStopTimer;
				PRODUCT_NAME = "$(TARGET_NAME)";
				SWIFT_EMIT_LOC_STRINGS = YES;
				SWIFT_VERSION = 5.0;
				TARGETED_DEVICE_FAMILY = "1,2";
			};
			name = Release;
		};
/* End XCBuildConfiguration section */

/* Begin XCConfigurationList section */
		9581F7B62727751600E70417 /* Build configuration list for PBXProject "fStopTimer" */ = {
			isa = XCConfigurationList;
			buildConfigurations = (
				9581F7CD2727751900E70417 /* Debug */,
				9581F7CE2727751900E70417 /* Release */,
			);
			defaultConfigurationIsVisible = 0;
			defaultConfigurationName = Release;
		};
		9581F7CF2727751900E70417 /* Build configuration list for PBXNativeTarget "fStopTimer" */ = {
			isa = XCConfigurationList;
			buildConfigurations = (
				9581F7D02727751900E70417 /* Debug */,
				9581F7D12727751900E70417 /* Release */,
			);
			defaultConfigurationIsVisible = 0;
			defaultConfigurationName = Release;
		};
/* End XCConfigurationList section */
	};
	rootObject = 9581F7B32727751600E70417 /* Project object */;
}
